
Microsoft Visual Studio Solution File, Format Version 12.00
# Visual Studio 15
VisualStudioVersion = 15.0.27130.2010
MinimumVisualStudioVersion = 10.0.40219.1
Project("{8BC9CEB8-8B4A-11D0-8D11-00A0C91BC942}") = "SurfacePro", "SurfacePro\SurfacePro.vcxproj", "{15E9E886-4C10-412F-8BB2-884760F9F5DC}"
EndProject
Project("{FAE04EC0-301F-11D3-BF4B-00C04F79EFBC}") = "SurfacePro.Hooks", "SurfacePro.Hooks\SurfacePro.Hooks.csproj", "{792F9B40-1E53-4B09-B7E4-6A3C548311AE}"
EndProject
Project("{FAE04EC0-301F-11D3-BF4B-00C04F79EFBC}") = "SurfacePro.HookForm", "SurfacePro.HookForm\SurfacePro.HookForm.csproj", "{A7497D5B-302D-4D37-847B-8F58481D8F17}"
EndProject
Global
	GlobalSection(SolutionConfigurationPlatforms) = preSolution
		Debug|Any CPU = Debug|Any CPU
		Debug|x64 = Debug|x64
		Debug|x86 = Debug|x86
		Release|Any CPU = Release|Any CPU
		Release|x64 = Release|x64
		Release|x86 = Release|x86
	EndGlobalSection
	GlobalSection(ProjectConfigurationPlatforms) = postSolution
		{15E9E886-4C10-412F-8BB2-884760F9F5DC}.Debug|Any CPU.ActiveCfg = Debug|Win32
		{15E9E886-4C10-412F-8BB2-884760F9F5DC}.Debug|x64.ActiveCfg = Debug|x64
		{15E9E886-4C10-412F-8BB2-884760F9F5DC}.Debug|x64.Build.0 = Debug|x64
		{15E9E886-4C10-412F-8BB2-884760F9F5DC}.Debug|x86.ActiveCfg = Debug|Win32
		{15E9E886-4C10-412F-8BB2-884760F9F5DC}.Debug|x86.Build.0 = Debug|Win32
		{15E9E886-4C10-412F-8BB2-884760F9F5DC}.Release|Any CPU.ActiveCfg = Release|Win32
		{15E9E886-4C10-412F-8BB2-884760F9F5DC}.Release|x64.ActiveCfg = Release|x64
		{15E9E886-4C10-412F-8BB2-884760F9F5DC}.Release|x64.Build.0 = Release|x64
		{15E9E886-4C10-412F-8BB2-884760F9F5DC}.Release|x86.ActiveCfg = Release|Win32
		{15E9E886-4C10-412F-8BB2-884760F9F5DC}.Release|x86.Build.0 = Release|Win32
		{792F9B40-1E53-4B09-B7E4-6A3C548311AE}.Debug|Any CPU.ActiveCfg = Debug|Any CPU
		{792F9B40-1E53-4B09-B7E4-6A3C548311AE}.Debug|Any CPU.Build.0 = Debug|Any CPU
		{792F9B40-1E53-4B09-B7E4-6A3C548311AE}.Debug|x64.ActiveCfg = Debug|Any CPU
		{792F9B40-1E53-4B09-B7E4-6A3C548311AE}.Debug|x64.Build.0 = Debug|Any CPU
		{792F9B40-1E53-4B09-B7E4-6A3C548311AE}.Debug|x86.ActiveCfg = Debug|Any CPU
		{792F9B40-1E53-4B09-B7E4-6A3C548311AE}.Debug|x86.Build.0 = Debug|Any CPU
		{792F9B40-1E53-4B09-B7E4-6A3C548311AE}.Release|Any CPU.ActiveCfg = Release|Any CPU
		{792F9B40-1E53-4B09-B7E4-6A3C548311AE}.Release|Any CPU.Build.0 = Release|Any CPU
		{792F9B40-1E53-4B09-B7E4-6A3C548311AE}.Release|x64.ActiveCfg = Release|Any CPU
		{792F9B40-1E53-4B09-B7E4-6A3C548311AE}.Release|x64.Build.0 = Release|Any CPU
		{792F9B40-1E53-4B09-B7E4-6A3C548311AE}.Release|x86.ActiveCfg = Release|Any CPU
		{792F9B40-1E53-4B09-B7E4-6A3C548311AE}.Release|x86.Build.0 = Release|Any CPU
		{A7497D5B-302D-4D37-847B-8F58481D8F17}.Debug|Any CPU.ActiveCfg = Debug|Any CPU
		{A7497D5B-302D-4D37-847B-8F58481D8F17}.Debug|Any CPU.Build.0 = Debug|Any CPU
		{A7497D5B-302D-4D37-847B-8F58481D8F17}.Debug|x64.ActiveCfg = Debug|Any CPU
		{A7497D5B-302D-4D37-847B-8F58481D8F17}.Debug|x64.Build.0 = Debug|Any CPU
		{A7497D5B-302D-4D37-847B-8F58481D8F17}.Debug|x86.ActiveCfg = Debug|Any CPU
		{A7497D5B-302D-4D37-847B-8F58481D8F17}.Debug|x86.Build.0 = Debug|Any CPU
		{A7497D5B-302D-4D37-847B-8F58481D8F17}.Release|Any CPU.ActiveCfg = Release|Any CPU
		{A7497D5B-302D-4D37-847B-8F58481D8F17}.Release|Any CPU.Build.0 = Release|Any CPU
		{A7497D5B-302D-4D37-847B-8F58481D8F17}.Release|x64.ActiveCfg = Release|Any CPU
		{A7497D5B-302D-4D37-847B-8F58481D8F17}.Release|x64.Build.0 = Release|Any CPU
		{A7497D5B-302D-4D37-847B-8F58481D8F17}.Release|x86.ActiveCfg = Release|Any CPU
		{A7497D5B-302D-4D37-847B-8F58481D8F17}.Release|x86.Build.0 = Release|Any CPU
	EndGlobalSection
	GlobalSection(SolutionProperties) = preSolution
		HideSolutionNode = FALSE
	EndGlobalSection
	GlobalSection(ExtensibilityGlobals) = postSolution
		SolutionGuid = {1CBF4FD3-93CF-4243-BD9A-1B7D4C526C60}
	EndGlobalSection
EndGlobal
